<?xml version="1.0" encoding="utf-8"?>
<Project ToolsVersion="4.0" xmlns="http://schemas.microsoft.com/developer/msbuild/2003">
  <ItemGroup>
    <ClCompile Include="include\imgui-1.84.2\imgui.cpp">
      <Filter>Includes</Filter>
    </ClCompile>
    <ClCompile Include="include\imgui-1.84.2\imgui_demo.cpp">
      <Filter>Includes</Filter>
    </ClCompile>
    <ClCompile Include="include\imgui-1.84.2\imgui_draw.cpp">
      <Filter>Includes</Filter>
    </ClCompile>
    <ClCompile Include="include\imgui-1.84.2\backends\imgui_impl_glfw.cpp">
      <Filter>Includes</Filter>
    </ClCompile>
    <ClCompile Include="include\imgui-1.84.2\backends\imgui_impl_opengl3.cpp">
      <Filter>Includes</Filter>
    </ClCompile>
    <ClCompile Include="include\imgui-1.84.2\imgui_tables.cpp">
      <Filter>Includes</Filter>
    </ClCompile>
    <ClCompile Include="include\imgui-1.84.2\imgui_widgets.cpp">
      <Filter>Includes</Filter>
    </ClCompile>
    <ClCompile Include="MoteurJV.cpp">
      <Filter>Sources</Filter>
    </ClCompile>
    <ClCompile Include="Particle.cpp">
      <Filter>Sources</Filter>
    </ClCompile>
    <ClCompile Include="Simulator.cpp">
      <Filter>Sources</Filter>
    </ClCompile>
    <ClCompile Include="Vector3.cpp">
      <Filter>Sources</Filter>
    </ClCompile>
    <ClCompile Include="Camera.cpp">
      <Filter>UserInterface\Sources</Filter>
    </ClCompile>
    <ClCompile Include="GUI.cpp">
      <Filter>UserInterface\Sources</Filter>
    </ClCompile>
    <ClCompile Include="OpenGL3.cpp">
      <Filter>UserInterface\Sources</Filter>
    </ClCompile>
    <ClCompile Include="ParticleForceRegistry.cpp">
      <Filter>Sources</Filter>
    </ClCompile>
    <ClCompile Include="ParticleGravity.cpp">
      <Filter>Sources</Filter>
    </ClCompile>
  </ItemGroup>
  <ItemGroup>
    <ClInclude Include="Particle.h">
      <Filter>Headers</Filter>
    </ClInclude>
    <ClInclude Include="Simulator.h">
      <Filter>Headers</Filter>
    </ClInclude>
    <ClInclude Include="Vector3.h">
      <Filter>Headers</Filter>
    </ClInclude>
    <ClInclude Include="Camera.h">
      <Filter>UserInterface\Headers</Filter>
    </ClInclude>
    <ClInclude Include="GUI.h">
      <Filter>UserInterface\Headers</Filter>
    </ClInclude>
    <ClInclude Include="OpenGL3.h">
      <Filter>UserInterface\Headers</Filter>
    </ClInclude>
    <ClInclude Include="ParticleForceRegistry.h">
      <Filter>Headers</Filter>
    </ClInclude>
    <ClInclude Include="ParticleGravity.h">
      <Filter>Headers</Filter>
    </ClInclude>
    <ClInclude Include="ParticleForceGenerator.h">
      <Filter>Headers</Filter>
    </ClInclude>
  </ItemGroup>
  <ItemGroup>
    <Filter Include="Includes">
      <UniqueIdentifier>{2956f14e-6009-4dcd-bdb3-db17b7bdb008}</UniqueIdentifier>
    </Filter>
    <Filter Include="UserInterface">
      <UniqueIdentifier>{6cb80b8f-acfd-4f65-993b-94298804bc58}</UniqueIdentifier>
    </Filter>
    <Filter Include="Headers">
      <UniqueIdentifier>{84f4a744-92bf-466a-b068-c4869f78c31c}</UniqueIdentifier>
    </Filter>
    <Filter Include="Sources">
      <UniqueIdentifier>{a8c1d71b-cb40-42a2-ad1b-82f48a534809}</UniqueIdentifier>
    </Filter>
    <Filter Include="UserInterface\Headers">
      <UniqueIdentifier>{d093a064-da1b-4164-9a86-05da69c96e19}</UniqueIdentifier>
    </Filter>
    <Filter Include="UserInterface\Sources">
      <UniqueIdentifier>{37750fb9-7dff-4a0b-a316-eb61c9bc89a0}</UniqueIdentifier>
    </Filter>
  </ItemGroup>
</Project>