<?xml version="1.0" encoding="utf-8"?>
<Project ToolsVersion="4.0" xmlns="http://schemas.microsoft.com/developer/msbuild/2003">
  <ItemGroup>
    <ClCompile Include="include\imgui-1.84.2\imgui.cpp">
      <Filter>imgui</Filter>
    </ClCompile>
    <ClCompile Include="include\imgui-1.84.2\imgui_demo.cpp">
      <Filter>imgui</Filter>
    </ClCompile>
    <ClCompile Include="include\imgui-1.84.2\imgui_draw.cpp">
      <Filter>imgui</Filter>
    </ClCompile>
    <ClCompile Include="include\imgui-1.84.2\imgui_tables.cpp">
      <Filter>imgui</Filter>
    </ClCompile>
    <ClCompile Include="include\imgui-1.84.2\imgui_widgets.cpp">
      <Filter>imgui</Filter>
    </ClCompile>
    <ClCompile Include="include\imgui-1.84.2\backends\imgui_impl_opengl3.cpp">
      <Filter>imgui</Filter>
    </ClCompile>
    <ClCompile Include="include\imgui-1.84.2\backends\imgui_impl_glfw.cpp">
      <Filter>imgui</Filter>
    </ClCompile>
    <ClCompile Include="src\EngineManager.cpp">
      <Filter>Sources</Filter>
    </ClCompile>
    <ClCompile Include="src\Scene.cpp">
      <Filter>Sources</Filter>
    </ClCompile>
    <ClCompile Include="src\3DScene\Camera.cpp">
      <Filter>Sources\3DScene</Filter>
    </ClCompile>
    <ClCompile Include="src\3DScene\Formes.cpp">
      <Filter>Sources\3DScene</Filter>
    </ClCompile>
    <ClCompile Include="src\3DScene\OpenGLRendererManager.cpp">
      <Filter>Sources\3DScene</Filter>
    </ClCompile>
    <ClCompile Include="src\3DScene\Shader.cpp">
      <Filter>Sources\3DScene</Filter>
    </ClCompile>
    <ClCompile Include="src\Debug\Debug.cpp">
      <Filter>Sources\Debug</Filter>
    </ClCompile>
    <ClCompile Include="src\IO\InputManager.cpp">
      <Filter>Sources\IO</Filter>
    </ClCompile>
    <ClCompile Include="src\Math\Matrix33.cpp">
      <Filter>Sources\Math</Filter>
    </ClCompile>
    <ClCompile Include="src\Math\Matrix34.cpp">
      <Filter>Sources\Math</Filter>
    </ClCompile>
    <ClCompile Include="src\Math\Quaternion.cpp">
      <Filter>Sources\Math</Filter>
    </ClCompile>
    <ClCompile Include="src\Math\Vector3.cpp">
      <Filter>Sources\Math</Filter>
    </ClCompile>
    <ClCompile Include="src\UI\ImGuiUIManager.cpp">
      <Filter>Sources\UI</Filter>
    </ClCompile>
    <ClCompile Include="src\UI\ImGuiUIWindow.cpp">
      <Filter>Sources\UI</Filter>
    </ClCompile>
    <ClCompile Include="src\UI\ImGuiUIWindowConfig.cpp">
      <Filter>Sources\UI</Filter>
    </ClCompile>
    <ClCompile Include="src\UI\ImGuiUIWindowConsole.cpp">
      <Filter>Sources\UI</Filter>
    </ClCompile>
    <ClCompile Include="src\UI\ImGuiUIWindowInspector.cpp">
      <Filter>Sources\UI</Filter>
    </ClCompile>
    <ClCompile Include="src\UI\ImGuiUIWindowRegistry.cpp">
      <Filter>Sources\UI</Filter>
    </ClCompile>
    <ClCompile Include="src\UI\ImGuiUIWindowRender.cpp">
      <Filter>Sources\UI</Filter>
    </ClCompile>
    <ClCompile Include="src\UI\MainWindow.cpp">
      <Filter>Sources\UI</Filter>
    </ClCompile>
    <ClCompile Include="src\Physic\Particle.cpp">
      <Filter>Sources\Physic</Filter>
    </ClCompile>
    <ClCompile Include="src\Physic\PhysicEngine.cpp">
      <Filter>Sources\Physic</Filter>
    </ClCompile>
    <ClCompile Include="src\Physic\RigidBody.cpp">
      <Filter>Sources\Physic</Filter>
    </ClCompile>
    <ClCompile Include="src\Physic\Contacts\GroundContactGenerator.cpp">
      <Filter>Sources\Physic\Contacts</Filter>
    </ClCompile>
    <ClCompile Include="src\Physic\Contacts\NaiveContactGenerator.cpp">
      <Filter>Sources\Physic\Contacts</Filter>
    </ClCompile>
    <ClCompile Include="src\Physic\Contacts\Cable.cpp">
      <Filter>Sources\Physic\Contacts</Filter>
    </ClCompile>
    <ClCompile Include="src\Physic\Contacts\Contact.cpp">
      <Filter>Sources\Physic\Contacts</Filter>
    </ClCompile>
    <ClCompile Include="src\Physic\Contacts\ContactRegistry.cpp">
      <Filter>Sources\Physic\Contacts</Filter>
    </ClCompile>
    <ClCompile Include="src\Physic\Contacts\ContactResolver.cpp">
      <Filter>Sources\Physic\Contacts</Filter>
    </ClCompile>
    <ClCompile Include="src\Physic\Contacts\Link.cpp">
      <Filter>Sources\Physic\Contacts</Filter>
    </ClCompile>
    <ClCompile Include="src\Physic\Contacts\Rod.cpp">
      <Filter>Sources\Physic\Contacts</Filter>
    </ClCompile>
    <ClCompile Include="src\Physic\Forces\AnchoredSpring.cpp">
      <Filter>Sources\Physic\Forces</Filter>
    </ClCompile>
    <ClCompile Include="src\Physic\Forces\Buoyancy.cpp">
      <Filter>Sources\Physic\Forces</Filter>
    </ClCompile>
    <ClCompile Include="src\Physic\Forces\Drag.cpp">
      <Filter>Sources\Physic\Forces</Filter>
    </ClCompile>
    <ClCompile Include="src\Physic\Forces\ForceRegistry.cpp">
      <Filter>Sources\Physic\Forces</Filter>
    </ClCompile>
    <ClCompile Include="src\Physic\Forces\Gravity.cpp">
      <Filter>Sources\Physic\Forces</Filter>
    </ClCompile>
    <ClCompile Include="src\Physic\Forces\Spring.cpp">
      <Filter>Sources\Physic\Forces</Filter>
    </ClCompile>
    <ClCompile Include="src\glad.c">
      <Filter>glad</Filter>
    </ClCompile>
    <ClCompile Include="src\MoteurJV.cpp" />
    <ClCompile Include="src\Demos\Blob.cpp">
      <Filter>Sources\Demos</Filter>
    </ClCompile>
    <ClCompile Include="src\Demos\CarCollision.cpp">
      <Filter>Sources\Demos</Filter>
    </ClCompile>
    <ClCompile Include="src\Demos\RigidBodyRotation.cpp">
      <Filter>Sources\Demos</Filter>
    </ClCompile>
  </ItemGroup>
  <ItemGroup>
    <ClInclude Include="include\imgui-1.84.2\imconfig.h">
      <Filter>imgui</Filter>
    </ClInclude>
    <ClInclude Include="include\imgui-1.84.2\imgui.h">
      <Filter>imgui</Filter>
    </ClInclude>
    <ClInclude Include="include\imgui-1.84.2\imgui_internal.h">
      <Filter>imgui</Filter>
    </ClInclude>
    <ClInclude Include="include\imgui-1.84.2\backends\imgui_impl_opengl3.h">
      <Filter>imgui</Filter>
    </ClInclude>
    <ClInclude Include="include\imgui-1.84.2\backends\imgui_impl_opengl3_loader.h">
      <Filter>imgui</Filter>
    </ClInclude>
    <ClInclude Include="include\imgui-1.84.2\backends\imgui_impl_glfw.h">
      <Filter>imgui</Filter>
    </ClInclude>
    <ClInclude Include="include\glad\include\glad\glad.h">
      <Filter>glad</Filter>
    </ClInclude>
    <ClInclude Include="include\glad\include\KHR\khrplatform.h">
      <Filter>glad</Filter>
    </ClInclude>
    <ClInclude Include="src\3DScene\Camera.h">
      <Filter>Sources\3DScene</Filter>
    </ClInclude>
    <ClInclude Include="src\3DScene\Formes.h">
      <Filter>Sources\3DScene</Filter>
    </ClInclude>
    <ClInclude Include="src\3DScene\OpenGLRendererManager.h">
      <Filter>Sources\3DScene</Filter>
    </ClInclude>
    <ClInclude Include="src\3DScene\Shader.h">
      <Filter>Sources\3DScene</Filter>
    </ClInclude>
    <ClInclude Include="src\IO\InputManager.h">
      <Filter>Sources\IO</Filter>
    </ClInclude>
    <ClInclude Include="src\Debug\Debug.h">
      <Filter>Sources\Debug</Filter>
    </ClInclude>
    <ClInclude Include="src\Math\Matrix33.h">
      <Filter>Sources\Math</Filter>
    </ClInclude>
    <ClInclude Include="src\Math\Matrix34.h">
      <Filter>Sources\Math</Filter>
    </ClInclude>
    <ClInclude Include="src\Math\Quaternion.h">
      <Filter>Sources\Math</Filter>
    </ClInclude>
    <ClInclude Include="src\Math\Vector3.h">
      <Filter>Sources\Math</Filter>
    </ClInclude>
    <ClInclude Include="src\UI\ImGuiUIManager.h">
      <Filter>Sources\UI</Filter>
    </ClInclude>
    <ClInclude Include="src\UI\ImGuiUIWindow.h">
      <Filter>Sources\UI</Filter>
    </ClInclude>
    <ClInclude Include="src\UI\ImGuiUIWindowConfig.h">
      <Filter>Sources\UI</Filter>
    </ClInclude>
    <ClInclude Include="src\UI\ImGuiUIWindowConsole.h">
      <Filter>Sources\UI</Filter>
    </ClInclude>
    <ClInclude Include="src\UI\ImGuiUIWindowInspector.h">
      <Filter>Sources\UI</Filter>
    </ClInclude>
    <ClInclude Include="src\UI\ImGuiUIWindowRegistry.h">
      <Filter>Sources\UI</Filter>
    </ClInclude>
    <ClInclude Include="src\UI\ImGuiUIWindowRender.h">
      <Filter>Sources\UI</Filter>
    </ClInclude>
    <ClInclude Include="src\UI\MainWindow.h">
      <Filter>Sources\UI</Filter>
    </ClInclude>
    <ClInclude Include="src\Physic\Particle.h">
      <Filter>Sources\Physic</Filter>
    </ClInclude>
    <ClInclude Include="src\Physic\PhysicEngine.h">
      <Filter>Sources\Physic</Filter>
    </ClInclude>
    <ClInclude Include="src\Physic\RigidBody.h">
      <Filter>Sources\Physic</Filter>
    </ClInclude>
    <ClInclude Include="src\Physic\Forces\AnchoredSpring.h">
      <Filter>Sources\Physic\Forces</Filter>
    </ClInclude>
    <ClInclude Include="src\Physic\Forces\Buoyancy.h">
      <Filter>Sources\Physic\Forces</Filter>
    </ClInclude>
    <ClInclude Include="src\Physic\Forces\Drag.h">
      <Filter>Sources\Physic\Forces</Filter>
    </ClInclude>
    <ClInclude Include="src\Physic\Forces\ForceGenerator.h">
      <Filter>Sources\Physic\Forces</Filter>
    </ClInclude>
    <ClInclude Include="src\Physic\Forces\ForceRegistry.h">
      <Filter>Sources\Physic\Forces</Filter>
    </ClInclude>
    <ClInclude Include="src\Physic\Forces\Gravity.h">
      <Filter>Sources\Physic\Forces</Filter>
    </ClInclude>
    <ClInclude Include="src\Physic\Forces\Spring.h">
      <Filter>Sources\Physic\Forces</Filter>
    </ClInclude>
    <ClInclude Include="src\Physic\Contacts\GroundContactGenerator.h">
      <Filter>Sources\Physic\Contacts</Filter>
    </ClInclude>
    <ClInclude Include="src\Physic\Contacts\NaiveContactGenerator.h">
      <Filter>Sources\Physic\Contacts</Filter>
    </ClInclude>
    <ClInclude Include="src\Physic\Contacts\Cable.h">
      <Filter>Sources\Physic\Contacts</Filter>
    </ClInclude>
    <ClInclude Include="src\Physic\Contacts\Contact.h">
      <Filter>Sources\Physic\Contacts</Filter>
    </ClInclude>
    <ClInclude Include="src\Physic\Contacts\ContactGenerator.h">
      <Filter>Sources\Physic\Contacts</Filter>
    </ClInclude>
    <ClInclude Include="src\Physic\Contacts\ContactRegistry.h">
      <Filter>Sources\Physic\Contacts</Filter>
    </ClInclude>
    <ClInclude Include="src\Physic\Contacts\ContactResolver.h">
      <Filter>Sources\Physic\Contacts</Filter>
    </ClInclude>
    <ClInclude Include="src\Physic\Contacts\Link.h">
      <Filter>Sources\Physic\Contacts</Filter>
    </ClInclude>
    <ClInclude Include="src\Physic\Contacts\Rod.h">
      <Filter>Sources\Physic\Contacts</Filter>
    </ClInclude>
    <ClInclude Include="src\Scene.h">
      <Filter>Sources</Filter>
    </ClInclude>
    <ClInclude Include="src\ClassIncludes.h">
      <Filter>Sources</Filter>
    </ClInclude>
    <ClInclude Include="src\EngineManager.h">
      <Filter>Sources</Filter>
    </ClInclude>
    <ClInclude Include="src\ImGuiIncludes.h">
      <Filter>Sources</Filter>
    </ClInclude>
    <ClInclude Include="src\Demos\Blob.h">
      <Filter>Sources\Demos</Filter>
    </ClInclude>
    <ClInclude Include="src\Demos\CarCollision.h">
      <Filter>Sources\Demos</Filter>
    </ClInclude>
    <ClInclude Include="src\Demos\RigidBodyRotation.h">
      <Filter>Sources\Demos</Filter>
    </ClInclude>
  </ItemGroup>
  <ItemGroup>
    <Filter Include="Headers">
      <UniqueIdentifier>{84f4a744-92bf-466a-b068-c4869f78c31c}</UniqueIdentifier>
    </Filter>
    <Filter Include="Sources">
      <UniqueIdentifier>{a8c1d71b-cb40-42a2-ad1b-82f48a534809}</UniqueIdentifier>
    </Filter>
    <Filter Include="imgui">
      <UniqueIdentifier>{2956f14e-6009-4dcd-bdb3-db17b7bdb008}</UniqueIdentifier>
    </Filter>
    <Filter Include="glad">
      <UniqueIdentifier>{a1937eda-1a8d-4590-a833-e07bf6eed382}</UniqueIdentifier>
    </Filter>
    <Filter Include="Sources\3DScene">
      <UniqueIdentifier>{163dd0a7-0215-460c-8178-c949fd96b071}</UniqueIdentifier>
    </Filter>
    <Filter Include="Sources\Debug">
      <UniqueIdentifier>{3aa5acf3-c7a4-4473-8da7-46a0e01f5840}</UniqueIdentifier>
    </Filter>
    <Filter Include="Sources\IO">
      <UniqueIdentifier>{ac02ab2d-de8e-4f0f-8fb4-bb3c21193124}</UniqueIdentifier>
    </Filter>
    <Filter Include="Sources\Math">
      <UniqueIdentifier>{eecfa1e5-1a23-4106-b856-0cf41f32cac0}</UniqueIdentifier>
    </Filter>
    <Filter Include="Sources\Physic">
      <UniqueIdentifier>{a8472c79-cb4b-4795-b5b0-cb458fcaa38c}</UniqueIdentifier>
    </Filter>
    <Filter Include="Sources\Physic\Contacts">
      <UniqueIdentifier>{eb481bba-f239-42c9-b431-1626745a65ad}</UniqueIdentifier>
    </Filter>
    <Filter Include="Sources\Physic\Forces">
      <UniqueIdentifier>{e847abc6-89af-4cd9-8567-fae142561447}</UniqueIdentifier>
    </Filter>
    <Filter Include="Sources\UI">
      <UniqueIdentifier>{2f19231d-aaae-49a6-a686-0e407e0c28a9}</UniqueIdentifier>
    </Filter>
    <Filter Include="Sources\Demos">
      <UniqueIdentifier>{e7dc8400-7aad-4bc9-a76a-236fa9ffe8e1}</UniqueIdentifier>
    </Filter>
  </ItemGroup>
  <ItemGroup>
    <Natvis Include="include\imgui-1.84.2\misc\debuggers\imgui.natvis">
      <Filter>imgui</Filter>
    </Natvis>
  </ItemGroup>
</Project>