<?xml version="1.0" encoding="utf-8"?>
<Project ToolsVersion="4.0" xmlns="http://schemas.microsoft.com/developer/msbuild/2003">
  <ItemGroup>
    <ClCompile Include="include\imgui-1.84.2\imgui.cpp">
      <Filter>Includes</Filter>
    </ClCompile>
    <ClCompile Include="include\imgui-1.84.2\imgui_demo.cpp">
      <Filter>Includes</Filter>
    </ClCompile>
    <ClCompile Include="include\imgui-1.84.2\imgui_draw.cpp">
      <Filter>Includes</Filter>
    </ClCompile>
    <ClCompile Include="include\imgui-1.84.2\backends\imgui_impl_glfw.cpp">
      <Filter>Includes</Filter>
    </ClCompile>
    <ClCompile Include="include\imgui-1.84.2\backends\imgui_impl_opengl3.cpp">
      <Filter>Includes</Filter>
    </ClCompile>
    <ClCompile Include="include\imgui-1.84.2\imgui_tables.cpp">
      <Filter>Includes</Filter>
    </ClCompile>
    <ClCompile Include="include\imgui-1.84.2\imgui_widgets.cpp">
      <Filter>Includes</Filter>
    </ClCompile>
    <ClCompile Include="MoteurJV.cpp">
      <Filter>Sources</Filter>
    </ClCompile>
    <ClCompile Include="Simulator.cpp">
      <Filter>Sources</Filter>
    </ClCompile>
    <ClCompile Include="Camera.cpp">
      <Filter>UserInterface\Sources</Filter>
    </ClCompile>
    <ClCompile Include="GUI.cpp">
      <Filter>UserInterface\Sources</Filter>
    </ClCompile>
    <ClCompile Include="OpenGL3.cpp">
      <Filter>UserInterface\Sources</Filter>
    </ClCompile>
    <ClCompile Include="Formes.cpp">
      <Filter>UserInterface\Sources</Filter>
    </ClCompile>
    <ClCompile Include="ParticleAnchoredSpring.cpp">
      <Filter>Sources\Forces</Filter>
    </ClCompile>
    <ClCompile Include="ParticleBuoyancy.cpp">
      <Filter>Sources\Forces</Filter>
    </ClCompile>
    <ClCompile Include="ParticleForceRegistry.cpp">
      <Filter>Sources\Forces</Filter>
    </ClCompile>
    <ClCompile Include="NaiveParticleContactGenerator.cpp">
      <Filter>Sources\Contacts</Filter>
    </ClCompile>
    <ClCompile Include="ParticleCable.cpp">
      <Filter>Sources\Contacts</Filter>
    </ClCompile>
    <ClCompile Include="ParticleContact.cpp">
      <Filter>Sources\Contacts</Filter>
    </ClCompile>
    <ClCompile Include="ParticleContactResolver.cpp">
      <Filter>Sources\Contacts</Filter>
    </ClCompile>
    <ClCompile Include="ParticleLink.cpp">
      <Filter>Sources\Contacts</Filter>
    </ClCompile>
    <ClCompile Include="ParticleRod.cpp">
      <Filter>Sources\Contacts</Filter>
    </ClCompile>
    <ClCompile Include="ParticleSpring.cpp">
      <Filter>Sources\Forces</Filter>
    </ClCompile>
    <ClCompile Include="GroundContactGenerator.cpp">
      <Filter>Sources\Contacts</Filter>
    </ClCompile>
    <ClCompile Include="ParticleDrag.cpp">
      <Filter>Sources\Forces</Filter>
    </ClCompile>
    <ClCompile Include="ParticleGravity.cpp">
      <Filter>Sources\Forces</Filter>
    </ClCompile>
    <ClCompile Include="Matrix33.cpp">
      <Filter>Sources\Orientations</Filter>
    </ClCompile>
    <ClCompile Include="Matrix34.cpp">
      <Filter>Sources\Orientations</Filter>
    </ClCompile>
    <ClCompile Include="Quaternion.cpp">
      <Filter>Sources\Orientations</Filter>
    </ClCompile>
    <ClCompile Include="RigidBody.cpp">
      <Filter>Sources\Orientations</Filter>
    </ClCompile>
    <ClCompile Include="Vector3.cpp">
      <Filter>Sources\Positions</Filter>
    </ClCompile>
    <ClCompile Include="Particle.cpp">
      <Filter>Sources\Positions</Filter>
    </ClCompile>
    <ClCompile Include="ParticleContactRegistry.cpp">
      <Filter>Sources\Contacts</Filter>
    </ClCompile>
  </ItemGroup>
  <ItemGroup>
    <ClInclude Include="Simulator.h">
      <Filter>Headers</Filter>
    </ClInclude>
    <ClInclude Include="Camera.h">
      <Filter>UserInterface\Headers</Filter>
    </ClInclude>
    <ClInclude Include="GUI.h">
      <Filter>UserInterface\Headers</Filter>
    </ClInclude>
    <ClInclude Include="OpenGL3.h">
      <Filter>UserInterface\Headers</Filter>
    </ClInclude>
    <ClInclude Include="Formes.h">
      <Filter>UserInterface\Headers</Filter>
    </ClInclude>
    <ClInclude Include="ParticleContact.h">
      <Filter>Headers\Contacts</Filter>
    </ClInclude>
    <ClInclude Include="ParticleContactGenerator.h">
      <Filter>Headers\Contacts</Filter>
    </ClInclude>
    <ClInclude Include="ParticleContactResolver.h">
      <Filter>Headers\Contacts</Filter>
    </ClInclude>
    <ClInclude Include="NaiveParticleContactGenerator.h">
      <Filter>Headers\Contacts</Filter>
    </ClInclude>
    <ClInclude Include="ParticleRod.h">
      <Filter>Headers\Contacts</Filter>
    </ClInclude>
    <ClInclude Include="ParticleCable.h">
      <Filter>Headers\Contacts</Filter>
    </ClInclude>
    <ClInclude Include="ParticleLink.h">
      <Filter>Headers\Contacts</Filter>
    </ClInclude>
    <ClInclude Include="ParticleAnchoredSpring.h">
      <Filter>Headers\Forces</Filter>
    </ClInclude>
    <ClInclude Include="ParticleBuoyancy.h">
      <Filter>Headers\Forces</Filter>
    </ClInclude>
    <ClInclude Include="ParticleForceGenerator.h">
      <Filter>Headers\Forces</Filter>
    </ClInclude>
    <ClInclude Include="ParticleSpring.h">
      <Filter>Headers\Forces</Filter>
    </ClInclude>
    <ClInclude Include="ParticleForceRegistry.h">
      <Filter>Headers\Forces</Filter>
    </ClInclude>
    <ClInclude Include="GroundContactGenerator.h">
      <Filter>Headers\Contacts</Filter>
    </ClInclude>
    <ClInclude Include="ParticleDrag.h">
      <Filter>Headers\Forces</Filter>
    </ClInclude>
    <ClInclude Include="ParticleGravity.h">
      <Filter>Headers\Forces</Filter>
    </ClInclude>
    <ClInclude Include="Vector3.h">
      <Filter>Headers\Positions</Filter>
    </ClInclude>
    <ClInclude Include="Particle.h">
      <Filter>Headers\Positions</Filter>
    </ClInclude>
    <ClInclude Include="Matrix33.h">
      <Filter>Headers\Orientations</Filter>
    </ClInclude>
    <ClInclude Include="Matrix34.h">
      <Filter>Headers\Orientations</Filter>
    </ClInclude>
    <ClInclude Include="Quaternion.h">
      <Filter>Headers\Orientations</Filter>
    </ClInclude>
    <ClInclude Include="RigidBody.h">
      <Filter>Headers\Orientations</Filter>
    </ClInclude>
    <ClInclude Include="ParticleContactRegistry.h">
      <Filter>Headers\Contacts</Filter>
    </ClInclude>
  </ItemGroup>
  <ItemGroup>
    <Filter Include="Includes">
      <UniqueIdentifier>{2956f14e-6009-4dcd-bdb3-db17b7bdb008}</UniqueIdentifier>
    </Filter>
    <Filter Include="UserInterface">
      <UniqueIdentifier>{6cb80b8f-acfd-4f65-993b-94298804bc58}</UniqueIdentifier>
    </Filter>
    <Filter Include="Headers">
      <UniqueIdentifier>{84f4a744-92bf-466a-b068-c4869f78c31c}</UniqueIdentifier>
    </Filter>
    <Filter Include="Sources">
      <UniqueIdentifier>{a8c1d71b-cb40-42a2-ad1b-82f48a534809}</UniqueIdentifier>
    </Filter>
    <Filter Include="UserInterface\Headers">
      <UniqueIdentifier>{d093a064-da1b-4164-9a86-05da69c96e19}</UniqueIdentifier>
    </Filter>
    <Filter Include="UserInterface\Sources">
      <UniqueIdentifier>{37750fb9-7dff-4a0b-a316-eb61c9bc89a0}</UniqueIdentifier>
    </Filter>
    <Filter Include="Headers\Forces">
      <UniqueIdentifier>{31416223-5baa-4200-bc96-682e59a443b0}</UniqueIdentifier>
    </Filter>
    <Filter Include="Headers\Contacts">
      <UniqueIdentifier>{eb39d0ae-85a5-47d9-884e-6d0764acbe71}</UniqueIdentifier>
    </Filter>
    <Filter Include="Sources\Forces">
      <UniqueIdentifier>{79eaa008-7210-48fa-b21c-66c3f7f9506f}</UniqueIdentifier>
    </Filter>
    <Filter Include="Sources\Contacts">
      <UniqueIdentifier>{faa6a7dc-aed6-4662-bea0-4975b79cffd2}</UniqueIdentifier>
    </Filter>
    <Filter Include="Sources\Orientations">
      <UniqueIdentifier>{24f8ed13-afcb-41b0-aa4a-ec09e6f64290}</UniqueIdentifier>
    </Filter>
    <Filter Include="Headers\Orientations">
      <UniqueIdentifier>{c7d045b2-52f4-4285-be06-7f36296ce0a0}</UniqueIdentifier>
    </Filter>
    <Filter Include="Headers\Positions">
      <UniqueIdentifier>{36faea97-6b30-43da-a5e9-0650b70fd6bc}</UniqueIdentifier>
    </Filter>
    <Filter Include="Sources\Positions">
      <UniqueIdentifier>{57f102d5-4d01-4cc4-bad6-368d434a01b9}</UniqueIdentifier>
    </Filter>
  </ItemGroup>
</Project>